Microsoft Visual Studio Solution File, Format Version 12.00
# Visual Studio Version 17
VisualStudioVersion = 17.5.2.0
MinimumVisualStudioVersion = 10.0.40219.1
Project("{FAE04EC0-301F-11D3-BF4B-00C04F79EFBC}") = "Forked-mslearn-dotnet-files", "Forked-mslearn-dotnet-files.csproj", "{4AD6BC5F-093F-574B-48FA-1844EB257F10}"
EndProject
Global
	GlobalSection(SolutionConfigurationPlatforms) = preSolution
		Debug|Any CPU = Debug|Any CPU
		Release|Any CPU = Release|Any CPU
	EndGlobalSection
	GlobalSection(ProjectConfigurationPlatforms) = postSolution
		{4AD6BC5F-093F-574B-48FA-1844EB257F10}.Debug|Any CPU.ActiveCfg = Debug|Any CPU
		{4AD6BC5F-093F-574B-48FA-1844EB257F10}.Debug|Any CPU.Build.0 = Debug|Any CPU
		{4AD6BC5F-093F-574B-48FA-1844EB257F10}.Release|Any CPU.ActiveCfg = Release|Any CPU
		{4AD6BC5F-093F-574B-48FA-1844EB257F10}.Release|Any CPU.Build.0 = Release|Any CPU
	EndGlobalSection
	GlobalSection(SolutionProperties) = preSolution
		HideSolutionNode = FALSE
	EndGlobalSection
	GlobalSection(ExtensibilityGlobals) = postSolution
		SolutionGuid = {B5A03542-D6F3-4954-9B3B-7254569CBFF1}
	EndGlobalSection
EndGlobal
